
Microsoft Visual Studio Solution File, Format Version 12.00
# Visual Studio Version 17
VisualStudioVersion = 17.14.36221.1 d17.14
MinimumVisualStudioVersion = 10.0.40219.1
Project("{FAE04EC0-301F-11D3-BF4B-00C04F79EFBC}") = "Warehouse Inventory Management System", "Warehouse Inventory Management System\Warehouse Inventory Management System.csproj", "{8BFC2665-C53F-40E4-94F0-269D35A46542}"
EndProject
Global
	GlobalSection(SolutionConfigurationPlatforms) = preSolution
		Debug|Any CPU = Debug|Any CPU
		Release|Any CPU = Release|Any CPU
	EndGlobalSection
	GlobalSection(ProjectConfigurationPlatforms) = postSolution
		{8BFC2665-C53F-40E4-94F0-269D35A46542}.Debug|Any CPU.ActiveCfg = Debug|Any CPU
		{8BFC2665-C53F-40E4-94F0-269D35A46542}.Debug|Any CPU.Build.0 = Debug|Any CPU
		{8BFC2665-C53F-40E4-94F0-269D35A46542}.Release|Any CPU.ActiveCfg = Release|Any CPU
		{8BFC2665-C53F-40E4-94F0-269D35A46542}.Release|Any CPU.Build.0 = Release|Any CPU
	EndGlobalSection
	GlobalSection(SolutionProperties) = preSolution
		HideSolutionNode = FALSE
	EndGlobalSection
	GlobalSection(ExtensibilityGlobals) = postSolution
		SolutionGuid = {01580E06-756A-4D2E-948D-A14DF594805F}
	EndGlobalSection
EndGlobal
